[[package]]
name = "tabulate"
version = "0.8.9"
description = "Pretty-print tabular data"
category = "main"
optional = false
python-versions = "*"

[package.extras]
widechars = ["wcwidth"]

[[package]]
name = "types-tabulate"
version = "0.8.9"
description = "Typing stubs for tabulate"
category = "main"
optional = false
python-versions = "*"

[metadata]
lock-version = "1.1"
python-versions = "^3.8"
content-hash = "426324cc1c6f3daf5e92174a10a6e467660580ac8693f6725c8535872dd2cd0d"

[metadata.files]
tabulate = [
    {file = "tabulate-0.8.9-py3-none-any.whl", hash = "sha256:d7c013fe7abbc5e491394e10fa845f8f32fe54f8dc60c6622c6cf482d25d47e4"},
    {file = "tabulate-0.8.9.tar.gz", hash = "sha256:eb1d13f25760052e8931f2ef80aaf6045a6cceb47514db8beab24cded16f13a7"},
]
types-tabulate = [
    {file = "types-tabulate-0.8.9.tar.gz", hash = "sha256:2fc3fa4fe1853ac987cf50e8d4599e3fe446dd53064fe86a46a407a98e9fc04f"},
    {file = "types_tabulate-0.8.9-py3-none-any.whl", hash = "sha256:7971ed0cd40454eb18d82c01e2f18bcd09ca23cc9eb901c62d2b04e5d1f57f84"},
]
